
Microsoft Visual Studio Solution File, Format Version 12.00
# Visual Studio 15
Project("{FAE04EC0-301F-11D3-BF4B-00C04F79EFBC}") = "Assembly-CSharp", "Assembly-CSharp.csproj", "{512090F9-5B3A-D672-1679-7788AEE89A4A}"
EndProject
Project("{FAE04EC0-301F-11D3-BF4B-00C04F79EFBC}") = "Unity.Recorder", "Unity.Recorder.csproj", "{639482F6-EB95-3702-9044-6F8356702BCE}"
EndProject
Project("{FAE04EC0-301F-11D3-BF4B-00C04F79EFBC}") = "Assembly-CSharp-firstpass", "Assembly-CSharp-firstpass.csproj", "{1D0D0891-9908-91DC-4CA4-EADB0C7BB639}"
EndProject
Project("{FAE04EC0-301F-11D3-BF4B-00C04F79EFBC}") = "Unity.Recorder.Base", "Unity.Recorder.Base.csproj", "{436EEBA2-E6E3-B4A7-68B3-361BD374F39F}"
EndProject
Project("{FAE04EC0-301F-11D3-BF4B-00C04F79EFBC}") = "Unity.Recorder.Editor", "Unity.Recorder.Editor.csproj", "{A8618D89-1A63-73F1-AB4F-01BD4BCAB435}"
EndProject
Global
	GlobalSection(SolutionConfigurationPlatforms) = preSolution
		Debug|Any CPU = Debug|Any CPU
		Release|Any CPU = Release|Any CPU
	EndGlobalSection
	GlobalSection(ProjectConfigurationPlatforms) = postSolution
		{512090F9-5B3A-D672-1679-7788AEE89A4A}.Debug|Any CPU.ActiveCfg = Debug|Any CPU
		{512090F9-5B3A-D672-1679-7788AEE89A4A}.Debug|Any CPU.Build.0 = Debug|Any CPU
		{512090F9-5B3A-D672-1679-7788AEE89A4A}.Release|Any CPU.ActiveCfg = Release|Any CPU
		{512090F9-5B3A-D672-1679-7788AEE89A4A}.Release|Any CPU.Build.0 = Release|Any CPU
		{639482F6-EB95-3702-9044-6F8356702BCE}.Debug|Any CPU.ActiveCfg = Debug|Any CPU
		{639482F6-EB95-3702-9044-6F8356702BCE}.Debug|Any CPU.Build.0 = Debug|Any CPU
		{639482F6-EB95-3702-9044-6F8356702BCE}.Release|Any CPU.ActiveCfg = Release|Any CPU
		{639482F6-EB95-3702-9044-6F8356702BCE}.Release|Any CPU.Build.0 = Release|Any CPU
		{1D0D0891-9908-91DC-4CA4-EADB0C7BB639}.Debug|Any CPU.ActiveCfg = Debug|Any CPU
		{1D0D0891-9908-91DC-4CA4-EADB0C7BB639}.Debug|Any CPU.Build.0 = Debug|Any CPU
		{1D0D0891-9908-91DC-4CA4-EADB0C7BB639}.Release|Any CPU.ActiveCfg = Release|Any CPU
		{1D0D0891-9908-91DC-4CA4-EADB0C7BB639}.Release|Any CPU.Build.0 = Release|Any CPU
		{436EEBA2-E6E3-B4A7-68B3-361BD374F39F}.Debug|Any CPU.ActiveCfg = Debug|Any CPU
		{436EEBA2-E6E3-B4A7-68B3-361BD374F39F}.Debug|Any CPU.Build.0 = Debug|Any CPU
		{436EEBA2-E6E3-B4A7-68B3-361BD374F39F}.Release|Any CPU.ActiveCfg = Release|Any CPU
		{436EEBA2-E6E3-B4A7-68B3-361BD374F39F}.Release|Any CPU.Build.0 = Release|Any CPU
		{A8618D89-1A63-73F1-AB4F-01BD4BCAB435}.Debug|Any CPU.ActiveCfg = Debug|Any CPU
		{A8618D89-1A63-73F1-AB4F-01BD4BCAB435}.Debug|Any CPU.Build.0 = Debug|Any CPU
		{A8618D89-1A63-73F1-AB4F-01BD4BCAB435}.Release|Any CPU.ActiveCfg = Release|Any CPU
		{A8618D89-1A63-73F1-AB4F-01BD4BCAB435}.Release|Any CPU.Build.0 = Release|Any CPU
	EndGlobalSection
	GlobalSection(SolutionProperties) = preSolution
		HideSolutionNode = FALSE
	EndGlobalSection
EndGlobal
